
Microsoft Visual Studio Solution File, Format Version 12.00
# Visual Studio Version 17
VisualStudioVersion = 17.10.34928.147
MinimumVisualStudioVersion = 10.0.40219.1
Project("{8BC9CEB8-8B4A-11D0-8D11-00A0C91BC942}") = "ThirdTry", "ThirdTry.vcxproj", "{5FE92D51-D808-43F9-B28C-D37495D61FAC}"
EndProject
Global
	GlobalSection(SolutionConfigurationPlatforms) = preSolution
		Debug|x64 = Debug|x64
		Debug|x86 = Debug|x86
		Release|x64 = Release|x64
		Release|x86 = Release|x86
	EndGlobalSection
	GlobalSection(ProjectConfigurationPlatforms) = postSolution
		{5FE92D51-D808-43F9-B28C-D37495D61FAC}.Debug|x64.ActiveCfg = Debug|x64
		{5FE92D51-D808-43F9-B28C-D37495D61FAC}.Debug|x64.Build.0 = Debug|x64
		{5FE92D51-D808-43F9-B28C-D37495D61FAC}.Debug|x86.ActiveCfg = Debug|Win32
		{5FE92D51-D808-43F9-B28C-D37495D61FAC}.Debug|x86.Build.0 = Debug|Win32
		{5FE92D51-D808-43F9-B28C-D37495D61FAC}.Release|x64.ActiveCfg = Release|x64
		{5FE92D51-D808-43F9-B28C-D37495D61FAC}.Release|x64.Build.0 = Release|x64
		{5FE92D51-D808-43F9-B28C-D37495D61FAC}.Release|x86.ActiveCfg = Release|Win32
		{5FE92D51-D808-43F9-B28C-D37495D61FAC}.Release|x86.Build.0 = Release|Win32
	EndGlobalSection
	GlobalSection(SolutionProperties) = preSolution
		HideSolutionNode = FALSE
	EndGlobalSection
	GlobalSection(ExtensibilityGlobals) = postSolution
		SolutionGuid = {3D6705C7-37E8-4492-8DE7-C99B9835C879}
	EndGlobalSection
EndGlobal
